// !$*UTF8*$!
{
	archiveVersion = 1;
	classes = {
	};
	objectVersion = 55;
	objects = {

/* Begin PBXBuildFile section */
		5AA8D38629E67C670022A8FC /* TechFilter_Solutions_taskApp.swift in Sources */ = {isa = PBXBuildFile; fileRef = 5AA8D38529E67C670022A8FC /* TechFilter_Solutions_taskApp.swift */; };
		5AA8D38829E67C670022A8FC /* ContentView.swift in Sources */ = {isa = PBXBuildFile; fileRef = 5AA8D38729E67C670022A8FC /* ContentView.swift */; };
		5AA8D38A29E67C690022A8FC /* Assets.xcassets in Resources */ = {isa = PBXBuildFile; fileRef = 5AA8D38929E67C690022A8FC /* Assets.xcassets */; };
		5AA8D38D29E67C690022A8FC /* Preview Assets.xcassets in Resources */ = {isa = PBXBuildFile; fileRef = 5AA8D38C29E67C690022A8FC /* Preview Assets.xcassets */; };
		5AA8D39E29E697EB0022A8FC /* News.swift in Sources */ = {isa = PBXBuildFile; fileRef = 5AA8D39D29E697EB0022A8FC /* News.swift */; };
		5AA8D3A329E699B20022A8FC /* NewsApp.xcdatamodeld in Sources */ = {isa = PBXBuildFile; fileRef = 5AA8D3A129E699B20022A8FC /* NewsApp.xcdatamodeld */; };
		5AA8D3A529E6A1790022A8FC /* NewsGridCell.swift in Sources */ = {isa = PBXBuildFile; fileRef = 5AA8D3A429E6A1790022A8FC /* NewsGridCell.swift */; };
		5AA8D3A729E6A1EA0022A8FC /* NewsDetailView.swift in Sources */ = {isa = PBXBuildFile; fileRef = 5AA8D3A629E6A1EA0022A8FC /* NewsDetailView.swift */; };
		5AA8D3A929E6A21D0022A8FC /* ImageModelView.swift in Sources */ = {isa = PBXBuildFile; fileRef = 5AA8D3A829E6A21D0022A8FC /* ImageModelView.swift */; };
		5AA8D3AB29E6A2400022A8FC /* WebView.swift in Sources */ = {isa = PBXBuildFile; fileRef = 5AA8D3AA29E6A2400022A8FC /* WebView.swift */; };
		5AA8D3AD29E6A2650022A8FC /* NewsViewModel.swift in Sources */ = {isa = PBXBuildFile; fileRef = 5AA8D3AC29E6A2650022A8FC /* NewsViewModel.swift */; };
/* End PBXBuildFile section */

/* Begin PBXFileReference section */
		5AA8D38229E67C670022A8FC /* TechFilter Solutions task.app */ = {isa = PBXFileReference; explicitFileType = wrapper.application; includeInIndex = 0; path = "TechFilter Solutions task.app"; sourceTree = BUILT_PRODUCTS_DIR; };
		5AA8D38529E67C670022A8FC /* TechFilter_Solutions_taskApp.swift */ = {isa = PBXFileReference; lastKnownFileType = sourcecode.swift; path = TechFilter_Solutions_taskApp.swift; sourceTree = "<group>"; };
		5AA8D38729E67C670022A8FC /* ContentView.swift */ = {isa = PBXFileReference; lastKnownFileType = sourcecode.swift; path = ContentView.swift; sourceTree = "<group>"; };
		5AA8D38929E67C690022A8FC /* Assets.xcassets */ = {isa = PBXFileReference; lastKnownFileType = folder.assetcatalog; path = Assets.xcassets; sourceTree = "<group>"; };
		5AA8D38C29E67C690022A8FC /* Preview Assets.xcassets */ = {isa = PBXFileReference; lastKnownFileType = folder.assetcatalog; path = "Preview Assets.xcassets"; sourceTree = "<group>"; };
		5AA8D39D29E697EB0022A8FC /* News.swift */ = {isa = PBXFileReference; lastKnownFileType = sourcecode.swift; path = News.swift; sourceTree = "<group>"; };
		5AA8D3A229E699B20022A8FC /* Model.xcdatamodel */ = {isa = PBXFileReference; lastKnownFileType = wrapper.xcdatamodel; path = Model.xcdatamodel; sourceTree = "<group>"; };
		5AA8D3A429E6A1790022A8FC /* NewsGridCell.swift */ = {isa = PBXFileReference; lastKnownFileType = sourcecode.swift; path = NewsGridCell.swift; sourceTree = "<group>"; };
		5AA8D3A629E6A1EA0022A8FC /* NewsDetailView.swift */ = {isa = PBXFileReference; lastKnownFileType = sourcecode.swift; path = NewsDetailView.swift; sourceTree = "<group>"; };
		5AA8D3A829E6A21D0022A8FC /* ImageModelView.swift */ = {isa = PBXFileReference; lastKnownFileType = sourcecode.swift; path = ImageModelView.swift; sourceTree = "<group>"; };
		5AA8D3AA29E6A2400022A8FC /* WebView.swift */ = {isa = PBXFileReference; lastKnownFileType = sourcecode.swift; path = WebView.swift; sourceTree = "<group>"; };
		5AA8D3AC29E6A2650022A8FC /* NewsViewModel.swift */ = {isa = PBXFileReference; lastKnownFileType = sourcecode.swift; path = NewsViewModel.swift; sourceTree = "<group>"; };
/* End PBXFileReference section */

/* Begin PBXFrameworksBuildPhase section */
		5AA8D37F29E67C670022A8FC /* Frameworks */ = {
			isa = PBXFrameworksBuildPhase;
			buildActionMask = 2147483647;
			files = (
			);
			runOnlyForDeploymentPostprocessing = 0;
		};
/* End PBXFrameworksBuildPhase section */

/* Begin PBXGroup section */
		5AA8D37929E67C670022A8FC = {
			isa = PBXGroup;
			children = (
				5AA8D38429E67C670022A8FC /* TechFilter Solutions task */,
				5AA8D38329E67C670022A8FC /* Products */,
			);
			sourceTree = "<group>";
		};
		5AA8D38329E67C670022A8FC /* Products */ = {
			isa = PBXGroup;
			children = (
				5AA8D38229E67C670022A8FC /* TechFilter Solutions task.app */,
			);
			name = Products;
			sourceTree = "<group>";
		};
		5AA8D38429E67C670022A8FC /* TechFilter Solutions task */ = {
			isa = PBXGroup;
			children = (
				5AA8D38529E67C670022A8FC /* TechFilter_Solutions_taskApp.swift */,
				5AA8D3CD29E82A310022A8FC /* View */,
				5AA8D3AE29E6B9410022A8FC /* Model */,
				5AA8D3CE29E82A740022A8FC /* Controller */,
				5AA8D38929E67C690022A8FC /* Assets.xcassets */,
				5AA8D38B29E67C690022A8FC /* Preview Content */,
			);
			path = "TechFilter Solutions task";
			sourceTree = "<group>";
		};
		5AA8D38B29E67C690022A8FC /* Preview Content */ = {
			isa = PBXGroup;
			children = (
				5AA8D38C29E67C690022A8FC /* Preview Assets.xcassets */,
			);
			path = "Preview Content";
			sourceTree = "<group>";
		};
		5AA8D3AE29E6B9410022A8FC /* Model */ = {
			isa = PBXGroup;
			children = (
				5AA8D39D29E697EB0022A8FC /* News.swift */,
				5AA8D3A129E699B20022A8FC /* NewsApp.xcdatamodeld */,
			);
			path = Model;
			sourceTree = "<group>";
		};
		5AA8D3CD29E82A310022A8FC /* View */ = {
			isa = PBXGroup;
			children = (
				5AA8D38729E67C670022A8FC /* ContentView.swift */,
				5AA8D3AA29E6A2400022A8FC /* WebView.swift */,
				5AA8D3A829E6A21D0022A8FC /* ImageModelView.swift */,
				5AA8D3A629E6A1EA0022A8FC /* NewsDetailView.swift */,
				5AA8D3A429E6A1790022A8FC /* NewsGridCell.swift */,
			);
			path = View;
			sourceTree = "<group>";
		};
		5AA8D3CE29E82A740022A8FC /* Controller */ = {
			isa = PBXGroup;
			children = (
				5AA8D3AC29E6A2650022A8FC /* NewsViewModel.swift */,
			);
			path = Controller;
			sourceTree = "<group>";
		};
/* End PBXGroup section */

/* Begin PBXNativeTarget section */
		5AA8D38129E67C670022A8FC /* TechFilter Solutions task */ = {
			isa = PBXNativeTarget;
			buildConfigurationList = 5AA8D39029E67C690022A8FC /* Build configuration list for PBXNativeTarget "TechFilter Solutions task" */;
			buildPhases = (
				5AA8D37E29E67C670022A8FC /* Sources */,
				5AA8D37F29E67C670022A8FC /* Frameworks */,
				5AA8D38029E67C670022A8FC /* Resources */,
			);
			buildRules = (
			);
			dependencies = (
			);
			name = "TechFilter Solutions task";
			productName = "TechFilter Solutions task";
			productReference = 5AA8D38229E67C670022A8FC /* TechFilter Solutions task.app */;
			productType = "com.apple.product-type.application";
		};
/* End PBXNativeTarget section */

/* Begin PBXProject section */
		5AA8D37A29E67C670022A8FC /* Project object */ = {
			isa = PBXProject;
			attributes = {
				BuildIndependentTargetsInParallel = 1;
				LastSwiftUpdateCheck = 1340;
				LastUpgradeCheck = 1340;
				TargetAttributes = {
					5AA8D38129E67C670022A8FC = {
						CreatedOnToolsVersion = 13.4.1;
					};
				};
			};
			buildConfigurationList = 5AA8D37D29E67C670022A8FC /* Build configuration list for PBXProject "TechFilter Solutions task" */;
			compatibilityVersion = "Xcode 13.0";
			developmentRegion = en;
			hasScannedForEncodings = 0;
			knownRegions = (
				en,
				Base,
			);
			mainGroup = 5AA8D37929E67C670022A8FC;
			productRefGroup = 5AA8D38329E67C670022A8FC /* Products */;
			projectDirPath = "";
			projectRoot = "";
			targets = (
				5AA8D38129E67C670022A8FC /* TechFilter Solutions task */,
			);
		};
/* End PBXProject section */

/* Begin PBXResourcesBuildPhase section */
		5AA8D38029E67C670022A8FC /* Resources */ = {
			isa = PBXResourcesBuildPhase;
			buildActionMask = 2147483647;
			files = (
				5AA8D38D29E67C690022A8FC /* Preview Assets.xcassets in Resources */,
				5AA8D38A29E67C690022A8FC /* Assets.xcassets in Resources */,
			);
			runOnlyForDeploymentPostprocessing = 0;
		};
/* End PBXResourcesBuildPhase section */

/* Begin PBXSourcesBuildPhase section */
		5AA8D37E29E67C670022A8FC /* Sources */ = {
			isa = PBXSourcesBuildPhase;
			buildActionMask = 2147483647;
			files = (
				5AA8D39E29E697EB0022A8FC /* News.swift in Sources */,
				5AA8D3AD29E6A2650022A8FC /* NewsViewModel.swift in Sources */,
				5AA8D3AB29E6A2400022A8FC /* WebView.swift in Sources */,
				5AA8D3A529E6A1790022A8FC /* NewsGridCell.swift in Sources */,
				5AA8D3A929E6A21D0022A8FC /* ImageModelView.swift in Sources */,
				5AA8D38829E67C670022A8FC /* ContentView.swift in Sources */,
				5AA8D38629E67C670022A8FC /* TechFilter_Solutions_taskApp.swift in Sources */,
				5AA8D3A729E6A1EA0022A8FC /* NewsDetailView.swift in Sources */,
				5AA8D3A329E699B20022A8FC /* NewsApp.xcdatamodeld in Sources */,
			);
			runOnlyForDeploymentPostprocessing = 0;
		};
/* End PBXSourcesBuildPhase section */

/* Begin XCBuildConfiguration section */
		5AA8D38E29E67C690022A8FC /* Debug */ = {
			isa = XCBuildConfiguration;
			buildSettings = {
				ALWAYS_SEARCH_USER_PATHS = NO;
				CLANG_ANALYZER_NONNULL = YES;
				CLANG_ANALYZER_NUMBER_OBJECT_CONVERSION = YES_AGGRESSIVE;
				CLANG_CXX_LANGUAGE_STANDARD = "gnu++17";
				CLANG_ENABLE_MODULES = YES;
				CLANG_ENABLE_OBJC_ARC = YES;
				CLANG_ENABLE_OBJC_WEAK = YES;
				CLANG_WARN_BLOCK_CAPTURE_AUTORELEASING = YES;
				CLANG_WARN_BOOL_CONVERSION = YES;
				CLANG_WARN_COMMA = YES;
				CLANG_WARN_CONSTANT_CONVERSION = YES;
				CLANG_WARN_DEPRECATED_OBJC_IMPLEMENTATIONS = YES;
				CLANG_WARN_DIRECT_OBJC_ISA_USAGE = YES_ERROR;
				CLANG_WARN_DOCUMENTATION_COMMENTS = YES;
				CLANG_WARN_EMPTY_BODY = YES;
				CLANG_WARN_ENUM_CONVERSION = YES;
				CLANG_WARN_INFINITE_RECURSION = YES;
				CLANG_WARN_INT_CONVERSION = YES;
				CLANG_WARN_NON_LITERAL_NULL_CONVERSION = YES;
				CLANG_WARN_OBJC_IMPLICIT_RETAIN_SELF = YES;
				CLANG_WARN_OBJC_LITERAL_CONVERSION = YES;
				CLANG_WARN_OBJC_ROOT_CLASS = YES_ERROR;
				CLANG_WARN_QUOTED_INCLUDE_IN_FRAMEWORK_HEADER = YES;
				CLANG_WARN_RANGE_LOOP_ANALYSIS = YES;
				CLANG_WARN_STRICT_PROTOTYPES = YES;
				CLANG_WARN_SUSPICIOUS_MOVE = YES;
				CLANG_WARN_UNGUARDED_AVAILABILITY = YES_AGGRESSIVE;
				CLANG_WARN_UNREACHABLE_CODE = YES;
				CLANG_WARN__DUPLICATE_METHOD_MATCH = YES;
				COPY_PHASE_STRIP = NO;
				DEBUG_INFORMATION_FORMAT = dwarf;
				ENABLE_STRICT_OBJC_MSGSEND = YES;
				ENABLE_TESTABILITY = YES;
				GCC_C_LANGUAGE_STANDARD = gnu11;
				GCC_DYNAMIC_NO_PIC = NO;
				GCC_NO_COMMON_BLOCKS = YES;
				GCC_OPTIMIZATION_LEVEL = 0;
				GCC_PREPROCESSOR_DEFINITIONS = (
					"DEBUG=1",
					"$(inherited)",
				);
				GCC_WARN_64_TO_32_BIT_CONVERSION = YES;
				GCC_WARN_ABOUT_RETURN_TYPE = YES_ERROR;
				GCC_WARN_UNDECLARED_SELECTOR = YES;
				GCC_WARN_UNINITIALIZED_AUTOS = YES_AGGRESSIVE;
				GCC_WARN_UNUSED_FUNCTION = YES;
				GCC_WARN_UNUSED_VARIABLE = YES;
				IPHONEOS_DEPLOYMENT_TARGET = 15.5;
				MTL_ENABLE_DEBUG_INFO = INCLUDE_SOURCE;
				MTL_FAST_MATH = YES;
				ONLY_ACTIVE_ARCH = YES;
				SDKROOT = iphoneos;
				SWIFT_ACTIVE_COMPILATION_CONDITIONS = DEBUG;
				SWIFT_OPTIMIZATION_LEVEL = "-Onone";
			};
			name = Debug;
		};
		5AA8D38F29E67C690022A8FC /* Release */ = {
			isa = XCBuildConfiguration;
			buildSettings = {
				ALWAYS_SEARCH_USER_PATHS = NO;
				CLANG_ANALYZER_NONNULL = YES;
				CLANG_ANALYZER_NUMBER_OBJECT_CONVERSION = YES_AGGRESSIVE;
				CLANG_CXX_LANGUAGE_STANDARD = "gnu++17";
				CLANG_ENABLE_MODULES = YES;
				CLANG_ENABLE_OBJC_ARC = YES;
				CLANG_ENABLE_OBJC_WEAK = YES;
				CLANG_WARN_BLOCK_CAPTURE_AUTORELEASING = YES;
				CLANG_WARN_BOOL_CONVERSION = YES;
				CLANG_WARN_COMMA = YES;
				CLANG_WARN_CONSTANT_CONVERSION = YES;
				CLANG_WARN_DEPRECATED_OBJC_IMPLEMENTATIONS = YES;
				CLANG_WARN_DIRECT_OBJC_ISA_USAGE = YES_ERROR;
				CLANG_WARN_DOCUMENTATION_COMMENTS = YES;
				CLANG_WARN_EMPTY_BODY = YES;
				CLANG_WARN_ENUM_CONVERSION = YES;
				CLANG_WARN_INFINITE_RECURSION = YES;
				CLANG_WARN_INT_CONVERSION = YES;
				CLANG_WARN_NON_LITERAL_NULL_CONVERSION = YES;
				CLANG_WARN_OBJC_IMPLICIT_RETAIN_SELF = YES;
				CLANG_WARN_OBJC_LITERAL_CONVERSION = YES;
				CLANG_WARN_OBJC_ROOT_CLASS = YES_ERROR;
				CLANG_WARN_QUOTED_INCLUDE_IN_FRAMEWORK_HEADER = YES;
				CLANG_WARN_RANGE_LOOP_ANALYSIS = YES;
				CLANG_WARN_STRICT_PROTOTYPES = YES;
				CLANG_WARN_SUSPICIOUS_MOVE = YES;
				CLANG_WARN_UNGUARDED_AVAILABILITY = YES_AGGRESSIVE;
				CLANG_WARN_UNREACHABLE_CODE = YES;
				CLANG_WARN__DUPLICATE_METHOD_MATCH = YES;
				COPY_PHASE_STRIP = NO;
				DEBUG_INFORMATION_FORMAT = "dwarf-with-dsym";
				ENABLE_NS_ASSERTIONS = NO;
				ENABLE_STRICT_OBJC_MSGSEND = YES;
				GCC_C_LANGUAGE_STANDARD = gnu11;
				GCC_NO_COMMON_BLOCKS = YES;
				GCC_WARN_64_TO_32_BIT_CONVERSION = YES;
				GCC_WARN_ABOUT_RETURN_TYPE = YES_ERROR;
				GCC_WARN_UNDECLARED_SELECTOR = YES;
				GCC_WARN_UNINITIALIZED_AUTOS = YES_AGGRESSIVE;
				GCC_WARN_UNUSED_FUNCTION = YES;
				GCC_WARN_UNUSED_VARIABLE = YES;
				IPHONEOS_DEPLOYMENT_TARGET = 15.5;
				MTL_ENABLE_DEBUG_INFO = NO;
				MTL_FAST_MATH = YES;
				SDKROOT = iphoneos;
				SWIFT_COMPILATION_MODE = wholemodule;
				SWIFT_OPTIMIZATION_LEVEL = "-O";
				VALIDATE_PRODUCT = YES;
			};
			name = Release;
		};
		5AA8D39129E67C690022A8FC /* Debug */ = {
			isa = XCBuildConfiguration;
			buildSettings = {
				ASSETCATALOG_COMPILER_APPICON_NAME = AppIcon;
				ASSETCATALOG_COMPILER_GLOBAL_ACCENT_COLOR_NAME = AccentColor;
				CODE_SIGN_STYLE = Automatic;
				CURRENT_PROJECT_VERSION = 1;
				DEVELOPMENT_ASSET_PATHS = "\"TechFilter Solutions task/Preview Content\"";
				DEVELOPMENT_TEAM = 9N9Q899K7J;
				ENABLE_PREVIEWS = YES;
				GENERATE_INFOPLIST_FILE = YES;
				INFOPLIST_KEY_UIApplicationSceneManifest_Generation = YES;
				INFOPLIST_KEY_UIApplicationSupportsIndirectInputEvents = YES;
				INFOPLIST_KEY_UILaunchScreen_Generation = YES;
				INFOPLIST_KEY_UISupportedInterfaceOrientations_iPad = "UIInterfaceOrientationPortrait UIInterfaceOrientationPortraitUpsideDown UIInterfaceOrientationLandscapeLeft UIInterfaceOrientationLandscapeRight";
				INFOPLIST_KEY_UISupportedInterfaceOrientations_iPhone = "UIInterfaceOrientationPortrait UIInterfaceOrientationLandscapeLeft UIInterfaceOrientationLandscapeRight";
				LD_RUNPATH_SEARCH_PATHS = (
					"$(inherited)",
					"@executable_path/Frameworks",
				);
				MARKETING_VERSION = 1.0;
				PRODUCT_BUNDLE_IDENTIFIER = "Swapnil.TechFilter-Solutions-task";
				PRODUCT_NAME = "$(TARGET_NAME)";
				SWIFT_EMIT_LOC_STRINGS = YES;
				SWIFT_VERSION = 5.0;
				TARGETED_DEVICE_FAMILY = "1,2";
			};
			name = Debug;
		};
		5AA8D39229E67C690022A8FC /* Release */ = {
			isa = XCBuildConfiguration;
			buildSettings = {
				ASSETCATALOG_COMPILER_APPICON_NAME = AppIcon;
				ASSETCATALOG_COMPILER_GLOBAL_ACCENT_COLOR_NAME = AccentColor;
				CODE_SIGN_STYLE = Automatic;
				CURRENT_PROJECT_VERSION = 1;
				DEVELOPMENT_ASSET_PATHS = "\"TechFilter Solutions task/Preview Content\"";
				DEVELOPMENT_TEAM = 9N9Q899K7J;
				ENABLE_PREVIEWS = YES;
				GENERATE_INFOPLIST_FILE = YES;
				INFOPLIST_KEY_UIApplicationSceneManifest_Generation = YES;
				INFOPLIST_KEY_UIApplicationSupportsIndirectInputEvents = YES;
				INFOPLIST_KEY_UILaunchScreen_Generation = YES;
				INFOPLIST_KEY_UISupportedInterfaceOrientations_iPad = "UIInterfaceOrientationPortrait UIInterfaceOrientationPortraitUpsideDown UIInterfaceOrientationLandscapeLeft UIInterfaceOrientationLandscapeRight";
				INFOPLIST_KEY_UISupportedInterfaceOrientations_iPhone = "UIInterfaceOrientationPortrait UIInterfaceOrientationLandscapeLeft UIInterfaceOrientationLandscapeRight";
				LD_RUNPATH_SEARCH_PATHS = (
					"$(inherited)",
					"@executable_path/Frameworks",
				);
				MARKETING_VERSION = 1.0;
				PRODUCT_BUNDLE_IDENTIFIER = "Swapnil.TechFilter-Solutions-task";
				PRODUCT_NAME = "$(TARGET_NAME)";
				SWIFT_EMIT_LOC_STRINGS = YES;
				SWIFT_VERSION = 5.0;
				TARGETED_DEVICE_FAMILY = "1,2";
			};
			name = Release;
		};
/* End XCBuildConfiguration section */

/* Begin XCConfigurationList section */
		5AA8D37D29E67C670022A8FC /* Build configuration list for PBXProject "TechFilter Solutions task" */ = {
			isa = XCConfigurationList;
			buildConfigurations = (
				5AA8D38E29E67C690022A8FC /* Debug */,
				5AA8D38F29E67C690022A8FC /* Release */,
			);
			defaultConfigurationIsVisible = 0;
			defaultConfigurationName = Release;
		};
		5AA8D39029E67C690022A8FC /* Build configuration list for PBXNativeTarget "TechFilter Solutions task" */ = {
			isa = XCConfigurationList;
			buildConfigurations = (
				5AA8D39129E67C690022A8FC /* Debug */,
				5AA8D39229E67C690022A8FC /* Release */,
			);
			defaultConfigurationIsVisible = 0;
			defaultConfigurationName = Release;
		};
/* End XCConfigurationList section */

/* Begin XCVersionGroup section */
		5AA8D3A129E699B20022A8FC /* NewsApp.xcdatamodeld */ = {
			isa = XCVersionGroup;
			children = (
				5AA8D3A229E699B20022A8FC /* Model.xcdatamodel */,
			);
			currentVersion = 5AA8D3A229E699B20022A8FC /* Model.xcdatamodel */;
			path = NewsApp.xcdatamodeld;
			sourceTree = "<group>";
			versionGroupType = wrapper.xcdatamodel;
		};
/* End XCVersionGroup section */
	};
	rootObject = 5AA8D37A29E67C670022A8FC /* Project object */;
}
